
Microsoft Visual Studio Solution File, Format Version 12.00
# Visual Studio Version 17
VisualStudioVersion = 17.7.34018.315
MinimumVisualStudioVersion = 10.0.40219.1
Project("{FAE04EC0-301F-11D3-BF4B-00C04F79EFBC}") = "MyTriangle", "MyLib\MyTriangle.csproj", "{36815D49-3561-4DB2-BB44-568146D304AB}"
EndProject
Project("{FAE04EC0-301F-11D3-BF4B-00C04F79EFBC}") = "MathTaskClassLibraryTests", "MathTaskClassLibraryTests\MathTaskClassLibraryTests.csproj", "{7C636DD5-27BE-4499-905F-4FAC5CBD17C9}"
EndProject
Global
	GlobalSection(SolutionConfigurationPlatforms) = preSolution
		Debug|Any CPU = Debug|Any CPU
		Release|Any CPU = Release|Any CPU
	EndGlobalSection
	GlobalSection(ProjectConfigurationPlatforms) = postSolution
		{36815D49-3561-4DB2-BB44-568146D304AB}.Debug|Any CPU.ActiveCfg = Debug|Any CPU
		{36815D49-3561-4DB2-BB44-568146D304AB}.Debug|Any CPU.Build.0 = Debug|Any CPU
		{36815D49-3561-4DB2-BB44-568146D304AB}.Release|Any CPU.ActiveCfg = Release|Any CPU
		{36815D49-3561-4DB2-BB44-568146D304AB}.Release|Any CPU.Build.0 = Release|Any CPU
		{7C636DD5-27BE-4499-905F-4FAC5CBD17C9}.Debug|Any CPU.ActiveCfg = Debug|Any CPU
		{7C636DD5-27BE-4499-905F-4FAC5CBD17C9}.Debug|Any CPU.Build.0 = Debug|Any CPU
		{7C636DD5-27BE-4499-905F-4FAC5CBD17C9}.Release|Any CPU.ActiveCfg = Release|Any CPU
		{7C636DD5-27BE-4499-905F-4FAC5CBD17C9}.Release|Any CPU.Build.0 = Release|Any CPU
	EndGlobalSection
	GlobalSection(SolutionProperties) = preSolution
		HideSolutionNode = FALSE
	EndGlobalSection
	GlobalSection(ExtensibilityGlobals) = postSolution
		SolutionGuid = {1BDB9419-8025-4ED5-8F30-E0BB8EFC0BE1}
	EndGlobalSection
EndGlobal
